
Microsoft Visual Studio Solution File, Format Version 12.00
# Visual Studio Version 17
VisualStudioVersion = 17.5.33530.505
MinimumVisualStudioVersion = 10.0.40219.1
Project("{FAE04EC0-301F-11D3-BF4B-00C04F79EFBC}") = "P235SynchronAsync", "P235SynchronAsync\P235SynchronAsync.csproj", "{90CB88A5-EBEF-45CE-9E88-12E12F9CCBA2}"
EndProject
Project("{FAE04EC0-301F-11D3-BF4B-00C04F79EFBC}") = "WinFormsApp1", "WinFormsApp1\WinFormsApp1.csproj", "{691980AE-D1F4-4E7A-AEC2-B8D88621382F}"
EndProject
Global
	GlobalSection(SolutionConfigurationPlatforms) = preSolution
		Debug|Any CPU = Debug|Any CPU
		Release|Any CPU = Release|Any CPU
	EndGlobalSection
	GlobalSection(ProjectConfigurationPlatforms) = postSolution
		{90CB88A5-EBEF-45CE-9E88-12E12F9CCBA2}.Debug|Any CPU.ActiveCfg = Debug|Any CPU
		{90CB88A5-EBEF-45CE-9E88-12E12F9CCBA2}.Debug|Any CPU.Build.0 = Debug|Any CPU
		{90CB88A5-EBEF-45CE-9E88-12E12F9CCBA2}.Release|Any CPU.ActiveCfg = Release|Any CPU
		{90CB88A5-EBEF-45CE-9E88-12E12F9CCBA2}.Release|Any CPU.Build.0 = Release|Any CPU
		{691980AE-D1F4-4E7A-AEC2-B8D88621382F}.Debug|Any CPU.ActiveCfg = Debug|Any CPU
		{691980AE-D1F4-4E7A-AEC2-B8D88621382F}.Debug|Any CPU.Build.0 = Debug|Any CPU
		{691980AE-D1F4-4E7A-AEC2-B8D88621382F}.Release|Any CPU.ActiveCfg = Release|Any CPU
		{691980AE-D1F4-4E7A-AEC2-B8D88621382F}.Release|Any CPU.Build.0 = Release|Any CPU
	EndGlobalSection
	GlobalSection(SolutionProperties) = preSolution
		HideSolutionNode = FALSE
	EndGlobalSection
	GlobalSection(ExtensibilityGlobals) = postSolution
		SolutionGuid = {F769D8EA-466C-4191-B626-201D14563358}
	EndGlobalSection
EndGlobal
